
Microsoft Visual Studio Solution File, Format Version 12.00
# Visual Studio Version 17
VisualStudioVersion = 17.14.36202.13 d17.14
MinimumVisualStudioVersion = 10.0.40219.1
Project("{8BC9CEB8-8B4A-11D0-8D11-00A0C91BC942}") = "fatimg_wcx", "IMGwcx.vcxproj", "{1EDF664D-9C37-4752-A938-DE7CA10C9895}"
EndProject
Global
	GlobalSection(SolutionConfigurationPlatforms) = preSolution
		Debug_w_FLTK|x64 = Debug_w_FLTK|x64
		Debug_w_FLTK|x86 = Debug_w_FLTK|x86
		Debug|x64 = Debug|x64
		Debug|x86 = Debug|x86
		Release_w_FLTK|x64 = Release_w_FLTK|x64
		Release_w_FLTK|x86 = Release_w_FLTK|x86
		Release|x64 = Release|x64
		Release|x86 = Release|x86
	EndGlobalSection
	GlobalSection(ProjectConfigurationPlatforms) = postSolution
		{1EDF664D-9C37-4752-A938-DE7CA10C9895}.Debug_w_FLTK|x64.ActiveCfg = Debug_w_FLTK|x64
		{1EDF664D-9C37-4752-A938-DE7CA10C9895}.Debug_w_FLTK|x64.Build.0 = Debug_w_FLTK|x64
		{1EDF664D-9C37-4752-A938-DE7CA10C9895}.Debug_w_FLTK|x86.ActiveCfg = Debug_w_FLTK|Win32
		{1EDF664D-9C37-4752-A938-DE7CA10C9895}.Debug_w_FLTK|x86.Build.0 = Debug_w_FLTK|Win32
		{1EDF664D-9C37-4752-A938-DE7CA10C9895}.Debug|x64.ActiveCfg = Debug|x64
		{1EDF664D-9C37-4752-A938-DE7CA10C9895}.Debug|x64.Build.0 = Debug|x64
		{1EDF664D-9C37-4752-A938-DE7CA10C9895}.Debug|x86.ActiveCfg = Debug|Win32
		{1EDF664D-9C37-4752-A938-DE7CA10C9895}.Debug|x86.Build.0 = Debug|Win32
		{1EDF664D-9C37-4752-A938-DE7CA10C9895}.Release_w_FLTK|x64.ActiveCfg = Release_w_FLTK|x64
		{1EDF664D-9C37-4752-A938-DE7CA10C9895}.Release_w_FLTK|x64.Build.0 = Release_w_FLTK|x64
		{1EDF664D-9C37-4752-A938-DE7CA10C9895}.Release_w_FLTK|x86.ActiveCfg = Release_w_FLTK|Win32
		{1EDF664D-9C37-4752-A938-DE7CA10C9895}.Release_w_FLTK|x86.Build.0 = Release_w_FLTK|Win32
		{1EDF664D-9C37-4752-A938-DE7CA10C9895}.Release|x64.ActiveCfg = Release|x64
		{1EDF664D-9C37-4752-A938-DE7CA10C9895}.Release|x64.Build.0 = Release|x64
		{1EDF664D-9C37-4752-A938-DE7CA10C9895}.Release|x86.ActiveCfg = Release|Win32
		{1EDF664D-9C37-4752-A938-DE7CA10C9895}.Release|x86.Build.0 = Release|Win32
	EndGlobalSection
	GlobalSection(SolutionProperties) = preSolution
		HideSolutionNode = FALSE
	EndGlobalSection
	GlobalSection(ExtensibilityGlobals) = postSolution
		SolutionGuid = {35A8D3E3-BEA9-4CD9-A22F-6C739E992084}
	EndGlobalSection
EndGlobal
